
Microsoft Visual Studio Solution File, Format Version 12.00
# Visual Studio Version 17
VisualStudioVersion = 17.0.31903.59
MinimumVisualStudioVersion = 10.0.40219.1
Project("{2150E333-8FDC-42A3-9474-1A3956D46DE8}") = "src", "src", "{A1000001-0000-4000-8000-000000000001}"
EndProject
Project("{2150E333-8FDC-42A3-9474-1A3956D46DE8}") = "Host", "Host", "{A1000001-0000-4000-8000-000000000002}"
EndProject
Project("{2150E333-8FDC-42A3-9474-1A3956D46DE8}") = "BuildingBlocks", "BuildingBlocks", "{A1000001-0000-4000-8000-000000000003}"
EndProject
Project("{2150E333-8FDC-42A3-9474-1A3956D46DE8}") = "Contracts", "Contracts", "{A1000001-0000-4000-8000-000000000004}"
EndProject
Project("{2150E333-8FDC-42A3-9474-1A3956D46DE8}") = "Modules", "Modules", "{A1000001-0000-4000-8000-000000000005}"
EndProject
Project("{2150E333-8FDC-42A3-9474-1A3956D46DE8}") = "tests", "tests", "{A1000001-0000-4000-8000-000000000006}"
EndProject
Project("{FAE04EC0-301F-11D3-BF4B-00C04F79EFBC}") = "Qec.Itmg.Host", "src\Qec.Itmg.Host\Qec.Itmg.Host.csproj", "{B1000001-0000-4000-8000-000000000001}"
EndProject
Project("{FAE04EC0-301F-11D3-BF4B-00C04F79EFBC}") = "Qec.Itmg.BuildingBlocks", "src\Qec.Itmg.BuildingBlocks\Qec.Itmg.BuildingBlocks.csproj", "{B1000001-0000-4000-8000-000000000002}"
EndProject
Project("{FAE04EC0-301F-11D3-BF4B-00C04F79EFBC}") = "Qec.Itmg.Contracts", "src\Qec.Itmg.Contracts\Qec.Itmg.Contracts.csproj", "{B1000001-0000-4000-8000-000000000003}"
EndProject
Project("{FAE04EC0-301F-11D3-BF4B-00C04F79EFBC}") = "Qec.Itmg.Identity", "src\Modules\Identity\Qec.Itmg.Identity\Qec.Itmg.Identity.csproj", "{B1000001-0000-4000-8000-000000000004}"
EndProject
Project("{FAE04EC0-301F-11D3-BF4B-00C04F79EFBC}") = "Qec.Itmg.Organization", "src\Modules\Organization\Qec.Itmg.Organization\Qec.Itmg.Organization.csproj", "{B1000001-0000-4000-8000-000000000005}"
EndProject
Project("{FAE04EC0-301F-11D3-BF4B-00C04F79EFBC}") = "Qec.Itmg.Platform", "src\Modules\Platform\Qec.Itmg.Platform\Qec.Itmg.Platform.csproj", "{B1000001-0000-4000-8000-000000000006}"
EndProject
Project("{FAE04EC0-301F-11D3-BF4B-00C04F79EFBC}") = "Qec.Itmg.UnitTests", "tests\Qec.Itmg.UnitTests\Qec.Itmg.UnitTests.csproj", "{B1000001-0000-4000-8000-000000000007}"
EndProject
Project("{FAE04EC0-301F-11D3-BF4B-00C04F79EFBC}") = "Qec.Itmg.IntegrationTests", "tests\Qec.Itmg.IntegrationTests\Qec.Itmg.IntegrationTests.csproj", "{B1000001-0000-4000-8000-000000000008}"
EndProject
Project("{FAE04EC0-301F-11D3-BF4B-00C04F79EFBC}") = "Qec.Itmg.ArchitectureTests", "tests\Qec.Itmg.ArchitectureTests\Qec.Itmg.ArchitectureTests.csproj", "{B1000001-0000-4000-8000-000000000009}"
EndProject
Project("{2150E333-8FDC-42A3-9474-1A3956D46DE8}") = "Modules", "Modules", "{CA253913-39DE-BFD0-C9A3-4B7EC6FBDF17}"
EndProject
Project("{FAE04EC0-301F-11D3-BF4B-00C04F79EFBC}") = "Qec.Itmg.Cmdb", "src\Modules\Cmdb\Qec.Itmg.Cmdb\Qec.Itmg.Cmdb.csproj", "{CF271203-0457-4C05-9156-F56E5F7AF328}"
EndProject
Project("{2150E333-8FDC-42A3-9474-1A3956D46DE8}") = "ServiceDesk", "ServiceDesk", "{9FFC072A-00FB-DE12-3581-12A43FAE4EAD}"
EndProject
Project("{FAE04EC0-301F-11D3-BF4B-00C04F79EFBC}") = "Qec.Itmg.ServiceDesk", "src\Modules\ServiceDesk\Qec.Itmg.ServiceDesk\Qec.Itmg.ServiceDesk.csproj", "{D98A5C52-92CA-47A1-A3C6-47B7BBF6803A}"
EndProject
Project("{2150E333-8FDC-42A3-9474-1A3956D46DE8}") = "ChangeManagement", "ChangeManagement", "{5D290246-4DFC-C19D-601B-4B2417029AB0}"
EndProject
Project("{FAE04EC0-301F-11D3-BF4B-00C04F79EFBC}") = "Qec.Itmg.ChangeManagement", "src\Modules\ChangeManagement\Qec.Itmg.ChangeManagement\Qec.Itmg.ChangeManagement.csproj", "{01D76E38-469E-4344-985B-3D99368C06E0}"
EndProject
Project("{2150E333-8FDC-42A3-9474-1A3956D46DE8}") = "Operations", "Operations", "{9BA233D0-7A7A-1820-642C-6490D92789ED}"
EndProject
Project("{FAE04EC0-301F-11D3-BF4B-00C04F79EFBC}") = "Qec.Itmg.Operations", "src\Modules\Operations\Qec.Itmg.Operations\Qec.Itmg.Operations.csproj", "{38FC613D-8E54-4A99-BDD3-65182ED44958}"
EndProject
Project("{2150E333-8FDC-42A3-9474-1A3956D46DE8}") = "AccessManagement", "AccessManagement", "{3B2357C8-7355-722C-FF7C-FF01344AF37A}"
EndProject
Project("{FAE04EC0-301F-11D3-BF4B-00C04F79EFBC}") = "Qec.Itmg.AccessManagement", "src\Modules\AccessManagement\Qec.Itmg.AccessManagement\Qec.Itmg.AccessManagement.csproj", "{8F178E91-C0D2-4AC5-AE95-05452E601C7F}"
EndProject
Project("{2150E333-8FDC-42A3-9474-1A3956D46DE8}") = "DocumentManagement", "DocumentManagement", "{1D6E4AFD-6201-7298-3EF3-EF7261D271DE}"
EndProject
Project("{FAE04EC0-301F-11D3-BF4B-00C04F79EFBC}") = "Qec.Itmg.DocumentManagement", "src\Modules\DocumentManagement\Qec.Itmg.DocumentManagement\Qec.Itmg.DocumentManagement.csproj", "{B8CF2F66-3F5D-4924-9C6A-9BADC8D8AE02}"
EndProject
Project("{2150E333-8FDC-42A3-9474-1A3956D46DE8}") = "Governance", "Governance", "{261CDCAE-177B-F4D8-2B1F-F51C6E02E44C}"
EndProject
Project("{FAE04EC0-301F-11D3-BF4B-00C04F79EFBC}") = "Qec.Itmg.Governance", "src\Modules\Governance\Qec.Itmg.Governance\Qec.Itmg.Governance.csproj", "{F8D05886-FC60-4BD0-80D5-9915C362646D}"
EndProject
Project("{2150E333-8FDC-42A3-9474-1A3956D46DE8}") = "Compliance", "Compliance", "{2124C7B3-EA21-F438-A58A-6BD7403B9A1E}"
EndProject
Project("{FAE04EC0-301F-11D3-BF4B-00C04F79EFBC}") = "Qec.Itmg.Compliance", "src\Modules\Compliance\Qec.Itmg.Compliance\Qec.Itmg.Compliance.csproj", "{DCD2E593-9BE9-4F54-A969-B41B5ED3B1EB}"
EndProject
Project("{2150E333-8FDC-42A3-9474-1A3956D46DE8}") = "Evidence", "Evidence", "{0ACD1564-5EDF-BFF8-37A5-918F9FD05228}"
EndProject
Project("{FAE04EC0-301F-11D3-BF4B-00C04F79EFBC}") = "Qec.Itmg.Evidence", "src\Modules\Evidence\Qec.Itmg.Evidence\Qec.Itmg.Evidence.csproj", "{DACCDE6D-A5C5-4048-96B4-3D3C502CE4F9}"
EndProject
Project("{2150E333-8FDC-42A3-9474-1A3956D46DE8}") = "Audit", "Audit", "{4080A809-80FA-8663-FAED-CDC0B5E6E109}"
EndProject
Project("{FAE04EC0-301F-11D3-BF4B-00C04F79EFBC}") = "Qec.Itmg.Audit", "src\Modules\Audit\Qec.Itmg.Audit\Qec.Itmg.Audit.csproj", "{DD8FBC89-4FC0-4D2B-9F40-6DE55EA2B6E2}"
EndProject
Project("{2150E333-8FDC-42A3-9474-1A3956D46DE8}") = "Security", "Security", "{9DB82837-7547-5A2E-39FE-EF03ABBD3260}"
EndProject
Project("{FAE04EC0-301F-11D3-BF4B-00C04F79EFBC}") = "Qec.Itmg.Security", "src\Modules\Security\Qec.Itmg.Security\Qec.Itmg.Security.csproj", "{D30833FE-90CA-4D04-AAE3-40701641753E}"
EndProject
Project("{2150E333-8FDC-42A3-9474-1A3956D46DE8}") = "BusinessContinuity", "BusinessContinuity", "{A2B30A34-9BCA-79CB-2419-AF78146C3CAD}"
EndProject
Project("{FAE04EC0-301F-11D3-BF4B-00C04F79EFBC}") = "Qec.Itmg.BusinessContinuity", "src\Modules\BusinessContinuity\Qec.Itmg.BusinessContinuity\Qec.Itmg.BusinessContinuity.csproj", "{AD85F303-C729-4E01-859B-824DEBB4238A}"
EndProject
Project("{2150E333-8FDC-42A3-9474-1A3956D46DE8}") = "ThirdParty", "ThirdParty", "{FA2111A8-B415-22A5-2446-4C4CDB512B1B}"
EndProject
Project("{FAE04EC0-301F-11D3-BF4B-00C04F79EFBC}") = "Qec.Itmg.ThirdParty", "src\Modules\ThirdParty\Qec.Itmg.ThirdParty\Qec.Itmg.ThirdParty.csproj", "{C0CF6162-6517-43BF-B539-9B186A1B1D25}"
EndProject
Project("{2150E333-8FDC-42A3-9474-1A3956D46DE8}") = "Reporting", "Reporting", "{AF6BF6DF-414F-AB2E-ADBB-7FA1529E6382}"
EndProject
Project("{FAE04EC0-301F-11D3-BF4B-00C04F79EFBC}") = "Qec.Itmg.Reporting", "src\Modules\Reporting\Qec.Itmg.Reporting\Qec.Itmg.Reporting.csproj", "{7B5856C9-8D76-4205-ACE9-07FB07F45D3A}"
EndProject
Project("{2150E333-8FDC-42A3-9474-1A3956D46DE8}") = "Ai", "Ai", "{B4DF8628-6FED-A02B-DB9B-7D971295A699}"
EndProject
Project("{FAE04EC0-301F-11D3-BF4B-00C04F79EFBC}") = "Qec.Itmg.Ai", "src\Modules\Ai\Qec.Itmg.Ai\Qec.Itmg.Ai.csproj", "{5203E547-F6FD-410E-9DEF-FB30F2B5F474}"
EndProject
Project("{2150E333-8FDC-42A3-9474-1A3956D46DE8}") = "RemoteSupport", "RemoteSupport", "{8522D8D2-B11D-0A28-8FD7-21EC250DFA6E}"
EndProject
Project("{FAE04EC0-301F-11D3-BF4B-00C04F79EFBC}") = "Qec.Itmg.RemoteSupport", "src\Modules\RemoteSupport\Qec.Itmg.RemoteSupport\Qec.Itmg.RemoteSupport.csproj", "{3E42199B-5EE4-4EE4-9E7B-F7854D0389AB}"
EndProject
Project("{2150E333-8FDC-42A3-9474-1A3956D46DE8}") = "tools", "tools", "{07C2787E-EAC7-C090-1BA3-A61EC2A24D84}"
EndProject
Project("{FAE04EC0-301F-11D3-BF4B-00C04F79EFBC}") = "Qec.Itmg.RemoteSupport.Helper", "tools\Qec.Itmg.RemoteSupport.Helper\Qec.Itmg.RemoteSupport.Helper.csproj", "{BF431516-CCB5-4405-B188-61C2ECDD7F09}"
EndProject
Global
	GlobalSection(SolutionConfigurationPlatforms) = preSolution
		Debug|Any CPU = Debug|Any CPU
		Debug|x64 = Debug|x64
		Debug|x86 = Debug|x86
		Release|Any CPU = Release|Any CPU
		Release|x64 = Release|x64
		Release|x86 = Release|x86
	EndGlobalSection
	GlobalSection(ProjectConfigurationPlatforms) = postSolution
		{B1000001-0000-4000-8000-000000000001}.Debug|Any CPU.ActiveCfg = Debug|Any CPU
		{B1000001-0000-4000-8000-000000000001}.Debug|Any CPU.Build.0 = Debug|Any CPU
		{B1000001-0000-4000-8000-000000000001}.Debug|x64.ActiveCfg = Debug|Any CPU
		{B1000001-0000-4000-8000-000000000001}.Debug|x64.Build.0 = Debug|Any CPU
		{B1000001-0000-4000-8000-000000000001}.Debug|x86.ActiveCfg = Debug|Any CPU
		{B1000001-0000-4000-8000-000000000001}.Debug|x86.Build.0 = Debug|Any CPU
		{B1000001-0000-4000-8000-000000000001}.Release|Any CPU.ActiveCfg = Release|Any CPU
		{B1000001-0000-4000-8000-000000000001}.Release|Any CPU.Build.0 = Release|Any CPU
		{B1000001-0000-4000-8000-000000000001}.Release|x64.ActiveCfg = Release|Any CPU
		{B1000001-0000-4000-8000-000000000001}.Release|x64.Build.0 = Release|Any CPU
		{B1000001-0000-4000-8000-000000000001}.Release|x86.ActiveCfg = Release|Any CPU
		{B1000001-0000-4000-8000-000000000001}.Release|x86.Build.0 = Release|Any CPU
		{B1000001-0000-4000-8000-000000000002}.Debug|Any CPU.ActiveCfg = Debug|Any CPU
		{B1000001-0000-4000-8000-000000000002}.Debug|Any CPU.Build.0 = Debug|Any CPU
		{B1000001-0000-4000-8000-000000000002}.Debug|x64.ActiveCfg = Debug|Any CPU
		{B1000001-0000-4000-8000-000000000002}.Debug|x64.Build.0 = Debug|Any CPU
		{B1000001-0000-4000-8000-000000000002}.Debug|x86.ActiveCfg = Debug|Any CPU
		{B1000001-0000-4000-8000-000000000002}.Debug|x86.Build.0 = Debug|Any CPU
		{B1000001-0000-4000-8000-000000000002}.Release|Any CPU.ActiveCfg = Release|Any CPU
		{B1000001-0000-4000-8000-000000000002}.Release|Any CPU.Build.0 = Release|Any CPU
		{B1000001-0000-4000-8000-000000000002}.Release|x64.ActiveCfg = Release|Any CPU
		{B1000001-0000-4000-8000-000000000002}.Release|x64.Build.0 = Release|Any CPU
		{B1000001-0000-4000-8000-000000000002}.Release|x86.ActiveCfg = Release|Any CPU
		{B1000001-0000-4000-8000-000000000002}.Release|x86.Build.0 = Release|Any CPU
		{B1000001-0000-4000-8000-000000000003}.Debug|Any CPU.ActiveCfg = Debug|Any CPU
		{B1000001-0000-4000-8000-000000000003}.Debug|Any CPU.Build.0 = Debug|Any CPU
		{B1000001-0000-4000-8000-000000000003}.Debug|x64.ActiveCfg = Debug|Any CPU
		{B1000001-0000-4000-8000-000000000003}.Debug|x64.Build.0 = Debug|Any CPU
		{B1000001-0000-4000-8000-000000000003}.Debug|x86.ActiveCfg = Debug|Any CPU
		{B1000001-0000-4000-8000-000000000003}.Debug|x86.Build.0 = Debug|Any CPU
		{B1000001-0000-4000-8000-000000000003}.Release|Any CPU.ActiveCfg = Release|Any CPU
		{B1000001-0000-4000-8000-000000000003}.Release|Any CPU.Build.0 = Release|Any CPU
		{B1000001-0000-4000-8000-000000000003}.Release|x64.ActiveCfg = Release|Any CPU
		{B1000001-0000-4000-8000-000000000003}.Release|x64.Build.0 = Release|Any CPU
		{B1000001-0000-4000-8000-000000000003}.Release|x86.ActiveCfg = Release|Any CPU
		{B1000001-0000-4000-8000-000000000003}.Release|x86.Build.0 = Release|Any CPU
		{B1000001-0000-4000-8000-000000000004}.Debug|Any CPU.ActiveCfg = Debug|Any CPU
		{B1000001-0000-4000-8000-000000000004}.Debug|Any CPU.Build.0 = Debug|Any CPU
		{B1000001-0000-4000-8000-000000000004}.Debug|x64.ActiveCfg = Debug|Any CPU
		{B1000001-0000-4000-8000-000000000004}.Debug|x64.Build.0 = Debug|Any CPU
		{B1000001-0000-4000-8000-000000000004}.Debug|x86.ActiveCfg = Debug|Any CPU
		{B1000001-0000-4000-8000-000000000004}.Debug|x86.Build.0 = Debug|Any CPU
		{B1000001-0000-4000-8000-000000000004}.Release|Any CPU.ActiveCfg = Release|Any CPU
		{B1000001-0000-4000-8000-000000000004}.Release|Any CPU.Build.0 = Release|Any CPU
		{B1000001-0000-4000-8000-000000000004}.Release|x64.ActiveCfg = Release|Any CPU
		{B1000001-0000-4000-8000-000000000004}.Release|x64.Build.0 = Release|Any CPU
		{B1000001-0000-4000-8000-000000000004}.Release|x86.ActiveCfg = Release|Any CPU
		{B1000001-0000-4000-8000-000000000004}.Release|x86.Build.0 = Release|Any CPU
		{B1000001-0000-4000-8000-000000000005}.Debug|Any CPU.ActiveCfg = Debug|Any CPU
		{B1000001-0000-4000-8000-000000000005}.Debug|Any CPU.Build.0 = Debug|Any CPU
		{B1000001-0000-4000-8000-000000000005}.Debug|x64.ActiveCfg = Debug|Any CPU
		{B1000001-0000-4000-8000-000000000005}.Debug|x64.Build.0 = Debug|Any CPU
		{B1000001-0000-4000-8000-000000000005}.Debug|x86.ActiveCfg = Debug|Any CPU
		{B1000001-0000-4000-8000-000000000005}.Debug|x86.Build.0 = Debug|Any CPU
		{B1000001-0000-4000-8000-000000000005}.Release|Any CPU.ActiveCfg = Release|Any CPU
		{B1000001-0000-4000-8000-000000000005}.Release|Any CPU.Build.0 = Release|Any CPU
		{B1000001-0000-4000-8000-000000000005}.Release|x64.ActiveCfg = Release|Any CPU
		{B1000001-0000-4000-8000-000000000005}.Release|x64.Build.0 = Release|Any CPU
		{B1000001-0000-4000-8000-000000000005}.Release|x86.ActiveCfg = Release|Any CPU
		{B1000001-0000-4000-8000-000000000005}.Release|x86.Build.0 = Release|Any CPU
		{B1000001-0000-4000-8000-000000000006}.Debug|Any CPU.ActiveCfg = Debug|Any CPU
		{B1000001-0000-4000-8000-000000000006}.Debug|Any CPU.Build.0 = Debug|Any CPU
		{B1000001-0000-4000-8000-000000000006}.Debug|x64.ActiveCfg = Debug|Any CPU
		{B1000001-0000-4000-8000-000000000006}.Debug|x64.Build.0 = Debug|Any CPU
		{B1000001-0000-4000-8000-000000000006}.Debug|x86.ActiveCfg = Debug|Any CPU
		{B1000001-0000-4000-8000-000000000006}.Debug|x86.Build.0 = Debug|Any CPU
		{B1000001-0000-4000-8000-000000000006}.Release|Any CPU.ActiveCfg = Release|Any CPU
		{B1000001-0000-4000-8000-000000000006}.Release|Any CPU.Build.0 = Release|Any CPU
		{B1000001-0000-4000-8000-000000000006}.Release|x64.ActiveCfg = Release|Any CPU
		{B1000001-0000-4000-8000-000000000006}.Release|x64.Build.0 = Release|Any CPU
		{B1000001-0000-4000-8000-000000000006}.Release|x86.ActiveCfg = Release|Any CPU
		{B1000001-0000-4000-8000-000000000006}.Release|x86.Build.0 = Release|Any CPU
		{B1000001-0000-4000-8000-000000000007}.Debug|Any CPU.ActiveCfg = Debug|Any CPU
		{B1000001-0000-4000-8000-000000000007}.Debug|Any CPU.Build.0 = Debug|Any CPU
		{B1000001-0000-4000-8000-000000000007}.Debug|x64.ActiveCfg = Debug|Any CPU
		{B1000001-0000-4000-8000-000000000007}.Debug|x64.Build.0 = Debug|Any CPU
		{B1000001-0000-4000-8000-000000000007}.Debug|x86.ActiveCfg = Debug|Any CPU
		{B1000001-0000-4000-8000-000000000007}.Debug|x86.Build.0 = Debug|Any CPU
		{B1000001-0000-4000-8000-000000000007}.Release|Any CPU.ActiveCfg = Release|Any CPU
		{B1000001-0000-4000-8000-000000000007}.Release|Any CPU.Build.0 = Release|Any CPU
		{B1000001-0000-4000-8000-000000000007}.Release|x64.ActiveCfg = Release|Any CPU
		{B1000001-0000-4000-8000-000000000007}.Release|x64.Build.0 = Release|Any CPU
		{B1000001-0000-4000-8000-000000000007}.Release|x86.ActiveCfg = Release|Any CPU
		{B1000001-0000-4000-8000-000000000007}.Release|x86.Build.0 = Release|Any CPU
		{B1000001-0000-4000-8000-000000000008}.Debug|Any CPU.ActiveCfg = Debug|Any CPU
		{B1000001-0000-4000-8000-000000000008}.Debug|Any CPU.Build.0 = Debug|Any CPU
		{B1000001-0000-4000-8000-000000000008}.Debug|x64.ActiveCfg = Debug|Any CPU
		{B1000001-0000-4000-8000-000000000008}.Debug|x64.Build.0 = Debug|Any CPU
		{B1000001-0000-4000-8000-000000000008}.Debug|x86.ActiveCfg = Debug|Any CPU
		{B1000001-0000-4000-8000-000000000008}.Debug|x86.Build.0 = Debug|Any CPU
		{B1000001-0000-4000-8000-000000000008}.Release|Any CPU.ActiveCfg = Release|Any CPU
		{B1000001-0000-4000-8000-000000000008}.Release|Any CPU.Build.0 = Release|Any CPU
		{B1000001-0000-4000-8000-000000000008}.Release|x64.ActiveCfg = Release|Any CPU
		{B1000001-0000-4000-8000-000000000008}.Release|x64.Build.0 = Release|Any CPU
		{B1000001-0000-4000-8000-000000000008}.Release|x86.ActiveCfg = Release|Any CPU
		{B1000001-0000-4000-8000-000000000008}.Release|x86.Build.0 = Release|Any CPU
		{B1000001-0000-4000-8000-000000000009}.Debug|Any CPU.ActiveCfg = Debug|Any CPU
		{B1000001-0000-4000-8000-000000000009}.Debug|Any CPU.Build.0 = Debug|Any CPU
		{B1000001-0000-4000-8000-000000000009}.Debug|x64.ActiveCfg = Debug|Any CPU
		{B1000001-0000-4000-8000-000000000009}.Debug|x64.Build.0 = Debug|Any CPU
		{B1000001-0000-4000-8000-000000000009}.Debug|x86.ActiveCfg = Debug|Any CPU
		{B1000001-0000-4000-8000-000000000009}.Debug|x86.Build.0 = Debug|Any CPU
		{B1000001-0000-4000-8000-000000000009}.Release|Any CPU.ActiveCfg = Release|Any CPU
		{B1000001-0000-4000-8000-000000000009}.Release|Any CPU.Build.0 = Release|Any CPU
		{B1000001-0000-4000-8000-000000000009}.Release|x64.ActiveCfg = Release|Any CPU
		{B1000001-0000-4000-8000-000000000009}.Release|x64.Build.0 = Release|Any CPU
		{B1000001-0000-4000-8000-000000000009}.Release|x86.ActiveCfg = Release|Any CPU
		{B1000001-0000-4000-8000-000000000009}.Release|x86.Build.0 = Release|Any CPU
		{CF271203-0457-4C05-9156-F56E5F7AF328}.Debug|Any CPU.ActiveCfg = Debug|Any CPU
		{CF271203-0457-4C05-9156-F56E5F7AF328}.Debug|Any CPU.Build.0 = Debug|Any CPU
		{CF271203-0457-4C05-9156-F56E5F7AF328}.Debug|x64.ActiveCfg = Debug|Any CPU
		{CF271203-0457-4C05-9156-F56E5F7AF328}.Debug|x64.Build.0 = Debug|Any CPU
		{CF271203-0457-4C05-9156-F56E5F7AF328}.Debug|x86.ActiveCfg = Debug|Any CPU
		{CF271203-0457-4C05-9156-F56E5F7AF328}.Debug|x86.Build.0 = Debug|Any CPU
		{CF271203-0457-4C05-9156-F56E5F7AF328}.Release|Any CPU.ActiveCfg = Release|Any CPU
		{CF271203-0457-4C05-9156-F56E5F7AF328}.Release|Any CPU.Build.0 = Release|Any CPU
		{CF271203-0457-4C05-9156-F56E5F7AF328}.Release|x64.ActiveCfg = Release|Any CPU
		{CF271203-0457-4C05-9156-F56E5F7AF328}.Release|x64.Build.0 = Release|Any CPU
		{CF271203-0457-4C05-9156-F56E5F7AF328}.Release|x86.ActiveCfg = Release|Any CPU
		{CF271203-0457-4C05-9156-F56E5F7AF328}.Release|x86.Build.0 = Release|Any CPU
		{D98A5C52-92CA-47A1-A3C6-47B7BBF6803A}.Debug|Any CPU.ActiveCfg = Debug|Any CPU
		{D98A5C52-92CA-47A1-A3C6-47B7BBF6803A}.Debug|Any CPU.Build.0 = Debug|Any CPU
		{D98A5C52-92CA-47A1-A3C6-47B7BBF6803A}.Debug|x64.ActiveCfg = Debug|Any CPU
		{D98A5C52-92CA-47A1-A3C6-47B7BBF6803A}.Debug|x64.Build.0 = Debug|Any CPU
		{D98A5C52-92CA-47A1-A3C6-47B7BBF6803A}.Debug|x86.ActiveCfg = Debug|Any CPU
		{D98A5C52-92CA-47A1-A3C6-47B7BBF6803A}.Debug|x86.Build.0 = Debug|Any CPU
		{D98A5C52-92CA-47A1-A3C6-47B7BBF6803A}.Release|Any CPU.ActiveCfg = Release|Any CPU
		{D98A5C52-92CA-47A1-A3C6-47B7BBF6803A}.Release|Any CPU.Build.0 = Release|Any CPU
		{D98A5C52-92CA-47A1-A3C6-47B7BBF6803A}.Release|x64.ActiveCfg = Release|Any CPU
		{D98A5C52-92CA-47A1-A3C6-47B7BBF6803A}.Release|x64.Build.0 = Release|Any CPU
		{D98A5C52-92CA-47A1-A3C6-47B7BBF6803A}.Release|x86.ActiveCfg = Release|Any CPU
		{D98A5C52-92CA-47A1-A3C6-47B7BBF6803A}.Release|x86.Build.0 = Release|Any CPU
		{01D76E38-469E-4344-985B-3D99368C06E0}.Debug|Any CPU.ActiveCfg = Debug|Any CPU
		{01D76E38-469E-4344-985B-3D99368C06E0}.Debug|Any CPU.Build.0 = Debug|Any CPU
		{01D76E38-469E-4344-985B-3D99368C06E0}.Debug|x64.ActiveCfg = Debug|Any CPU
		{01D76E38-469E-4344-985B-3D99368C06E0}.Debug|x64.Build.0 = Debug|Any CPU
		{01D76E38-469E-4344-985B-3D99368C06E0}.Debug|x86.ActiveCfg = Debug|Any CPU
		{01D76E38-469E-4344-985B-3D99368C06E0}.Debug|x86.Build.0 = Debug|Any CPU
		{01D76E38-469E-4344-985B-3D99368C06E0}.Release|Any CPU.ActiveCfg = Release|Any CPU
		{01D76E38-469E-4344-985B-3D99368C06E0}.Release|Any CPU.Build.0 = Release|Any CPU
		{01D76E38-469E-4344-985B-3D99368C06E0}.Release|x64.ActiveCfg = Release|Any CPU
		{01D76E38-469E-4344-985B-3D99368C06E0}.Release|x64.Build.0 = Release|Any CPU
		{01D76E38-469E-4344-985B-3D99368C06E0}.Release|x86.ActiveCfg = Release|Any CPU
		{01D76E38-469E-4344-985B-3D99368C06E0}.Release|x86.Build.0 = Release|Any CPU
		{38FC613D-8E54-4A99-BDD3-65182ED44958}.Debug|Any CPU.ActiveCfg = Debug|Any CPU
		{38FC613D-8E54-4A99-BDD3-65182ED44958}.Debug|Any CPU.Build.0 = Debug|Any CPU
		{38FC613D-8E54-4A99-BDD3-65182ED44958}.Debug|x64.ActiveCfg = Debug|Any CPU
		{38FC613D-8E54-4A99-BDD3-65182ED44958}.Debug|x64.Build.0 = Debug|Any CPU
		{38FC613D-8E54-4A99-BDD3-65182ED44958}.Debug|x86.ActiveCfg = Debug|Any CPU
		{38FC613D-8E54-4A99-BDD3-65182ED44958}.Debug|x86.Build.0 = Debug|Any CPU
		{38FC613D-8E54-4A99-BDD3-65182ED44958}.Release|Any CPU.ActiveCfg = Release|Any CPU
		{38FC613D-8E54-4A99-BDD3-65182ED44958}.Release|Any CPU.Build.0 = Release|Any CPU
		{38FC613D-8E54-4A99-BDD3-65182ED44958}.Release|x64.ActiveCfg = Release|Any CPU
		{38FC613D-8E54-4A99-BDD3-65182ED44958}.Release|x64.Build.0 = Release|Any CPU
		{38FC613D-8E54-4A99-BDD3-65182ED44958}.Release|x86.ActiveCfg = Release|Any CPU
		{38FC613D-8E54-4A99-BDD3-65182ED44958}.Release|x86.Build.0 = Release|Any CPU
		{8F178E91-C0D2-4AC5-AE95-05452E601C7F}.Debug|Any CPU.ActiveCfg = Debug|Any CPU
		{8F178E91-C0D2-4AC5-AE95-05452E601C7F}.Debug|Any CPU.Build.0 = Debug|Any CPU
		{8F178E91-C0D2-4AC5-AE95-05452E601C7F}.Debug|x64.ActiveCfg = Debug|Any CPU
		{8F178E91-C0D2-4AC5-AE95-05452E601C7F}.Debug|x64.Build.0 = Debug|Any CPU
		{8F178E91-C0D2-4AC5-AE95-05452E601C7F}.Debug|x86.ActiveCfg = Debug|Any CPU
		{8F178E91-C0D2-4AC5-AE95-05452E601C7F}.Debug|x86.Build.0 = Debug|Any CPU
		{8F178E91-C0D2-4AC5-AE95-05452E601C7F}.Release|Any CPU.ActiveCfg = Release|Any CPU
		{8F178E91-C0D2-4AC5-AE95-05452E601C7F}.Release|Any CPU.Build.0 = Release|Any CPU
		{8F178E91-C0D2-4AC5-AE95-05452E601C7F}.Release|x64.ActiveCfg = Release|Any CPU
		{8F178E91-C0D2-4AC5-AE95-05452E601C7F}.Release|x64.Build.0 = Release|Any CPU
		{8F178E91-C0D2-4AC5-AE95-05452E601C7F}.Release|x86.ActiveCfg = Release|Any CPU
		{8F178E91-C0D2-4AC5-AE95-05452E601C7F}.Release|x86.Build.0 = Release|Any CPU
		{B8CF2F66-3F5D-4924-9C6A-9BADC8D8AE02}.Debug|Any CPU.ActiveCfg = Debug|Any CPU
		{B8CF2F66-3F5D-4924-9C6A-9BADC8D8AE02}.Debug|Any CPU.Build.0 = Debug|Any CPU
		{B8CF2F66-3F5D-4924-9C6A-9BADC8D8AE02}.Debug|x64.ActiveCfg = Debug|Any CPU
		{B8CF2F66-3F5D-4924-9C6A-9BADC8D8AE02}.Debug|x64.Build.0 = Debug|Any CPU
		{B8CF2F66-3F5D-4924-9C6A-9BADC8D8AE02}.Debug|x86.ActiveCfg = Debug|Any CPU
		{B8CF2F66-3F5D-4924-9C6A-9BADC8D8AE02}.Debug|x86.Build.0 = Debug|Any CPU
		{B8CF2F66-3F5D-4924-9C6A-9BADC8D8AE02}.Release|Any CPU.ActiveCfg = Release|Any CPU
		{B8CF2F66-3F5D-4924-9C6A-9BADC8D8AE02}.Release|Any CPU.Build.0 = Release|Any CPU
		{B8CF2F66-3F5D-4924-9C6A-9BADC8D8AE02}.Release|x64.ActiveCfg = Release|Any CPU
		{B8CF2F66-3F5D-4924-9C6A-9BADC8D8AE02}.Release|x64.Build.0 = Release|Any CPU
		{B8CF2F66-3F5D-4924-9C6A-9BADC8D8AE02}.Release|x86.ActiveCfg = Release|Any CPU
		{B8CF2F66-3F5D-4924-9C6A-9BADC8D8AE02}.Release|x86.Build.0 = Release|Any CPU
		{F8D05886-FC60-4BD0-80D5-9915C362646D}.Debug|Any CPU.ActiveCfg = Debug|Any CPU
		{F8D05886-FC60-4BD0-80D5-9915C362646D}.Debug|Any CPU.Build.0 = Debug|Any CPU
		{F8D05886-FC60-4BD0-80D5-9915C362646D}.Debug|x64.ActiveCfg = Debug|Any CPU
		{F8D05886-FC60-4BD0-80D5-9915C362646D}.Debug|x64.Build.0 = Debug|Any CPU
		{F8D05886-FC60-4BD0-80D5-9915C362646D}.Debug|x86.ActiveCfg = Debug|Any CPU
		{F8D05886-FC60-4BD0-80D5-9915C362646D}.Debug|x86.Build.0 = Debug|Any CPU
		{F8D05886-FC60-4BD0-80D5-9915C362646D}.Release|Any CPU.ActiveCfg = Release|Any CPU
		{F8D05886-FC60-4BD0-80D5-9915C362646D}.Release|Any CPU.Build.0 = Release|Any CPU
		{F8D05886-FC60-4BD0-80D5-9915C362646D}.Release|x64.ActiveCfg = Release|Any CPU
		{F8D05886-FC60-4BD0-80D5-9915C362646D}.Release|x64.Build.0 = Release|Any CPU
		{F8D05886-FC60-4BD0-80D5-9915C362646D}.Release|x86.ActiveCfg = Release|Any CPU
		{F8D05886-FC60-4BD0-80D5-9915C362646D}.Release|x86.Build.0 = Release|Any CPU
		{DCD2E593-9BE9-4F54-A969-B41B5ED3B1EB}.Debug|Any CPU.ActiveCfg = Debug|Any CPU
		{DCD2E593-9BE9-4F54-A969-B41B5ED3B1EB}.Debug|Any CPU.Build.0 = Debug|Any CPU
		{DCD2E593-9BE9-4F54-A969-B41B5ED3B1EB}.Debug|x64.ActiveCfg = Debug|Any CPU
		{DCD2E593-9BE9-4F54-A969-B41B5ED3B1EB}.Debug|x64.Build.0 = Debug|Any CPU
		{DCD2E593-9BE9-4F54-A969-B41B5ED3B1EB}.Debug|x86.ActiveCfg = Debug|Any CPU
		{DCD2E593-9BE9-4F54-A969-B41B5ED3B1EB}.Debug|x86.Build.0 = Debug|Any CPU
		{DCD2E593-9BE9-4F54-A969-B41B5ED3B1EB}.Release|Any CPU.ActiveCfg = Release|Any CPU
		{DCD2E593-9BE9-4F54-A969-B41B5ED3B1EB}.Release|Any CPU.Build.0 = Release|Any CPU
		{DCD2E593-9BE9-4F54-A969-B41B5ED3B1EB}.Release|x64.ActiveCfg = Release|Any CPU
		{DCD2E593-9BE9-4F54-A969-B41B5ED3B1EB}.Release|x64.Build.0 = Release|Any CPU
		{DCD2E593-9BE9-4F54-A969-B41B5ED3B1EB}.Release|x86.ActiveCfg = Release|Any CPU
		{DCD2E593-9BE9-4F54-A969-B41B5ED3B1EB}.Release|x86.Build.0 = Release|Any CPU
		{DACCDE6D-A5C5-4048-96B4-3D3C502CE4F9}.Debug|Any CPU.ActiveCfg = Debug|Any CPU
		{DACCDE6D-A5C5-4048-96B4-3D3C502CE4F9}.Debug|Any CPU.Build.0 = Debug|Any CPU
		{DACCDE6D-A5C5-4048-96B4-3D3C502CE4F9}.Debug|x64.ActiveCfg = Debug|Any CPU
		{DACCDE6D-A5C5-4048-96B4-3D3C502CE4F9}.Debug|x64.Build.0 = Debug|Any CPU
		{DACCDE6D-A5C5-4048-96B4-3D3C502CE4F9}.Debug|x86.ActiveCfg = Debug|Any CPU
		{DACCDE6D-A5C5-4048-96B4-3D3C502CE4F9}.Debug|x86.Build.0 = Debug|Any CPU
		{DACCDE6D-A5C5-4048-96B4-3D3C502CE4F9}.Release|Any CPU.ActiveCfg = Release|Any CPU
		{DACCDE6D-A5C5-4048-96B4-3D3C502CE4F9}.Release|Any CPU.Build.0 = Release|Any CPU
		{DACCDE6D-A5C5-4048-96B4-3D3C502CE4F9}.Release|x64.ActiveCfg = Release|Any CPU
		{DACCDE6D-A5C5-4048-96B4-3D3C502CE4F9}.Release|x64.Build.0 = Release|Any CPU
		{DACCDE6D-A5C5-4048-96B4-3D3C502CE4F9}.Release|x86.ActiveCfg = Release|Any CPU
		{DACCDE6D-A5C5-4048-96B4-3D3C502CE4F9}.Release|x86.Build.0 = Release|Any CPU
		{DD8FBC89-4FC0-4D2B-9F40-6DE55EA2B6E2}.Debug|Any CPU.ActiveCfg = Debug|Any CPU
		{DD8FBC89-4FC0-4D2B-9F40-6DE55EA2B6E2}.Debug|Any CPU.Build.0 = Debug|Any CPU
		{DD8FBC89-4FC0-4D2B-9F40-6DE55EA2B6E2}.Debug|x64.ActiveCfg = Debug|Any CPU
		{DD8FBC89-4FC0-4D2B-9F40-6DE55EA2B6E2}.Debug|x64.Build.0 = Debug|Any CPU
		{DD8FBC89-4FC0-4D2B-9F40-6DE55EA2B6E2}.Debug|x86.ActiveCfg = Debug|Any CPU
		{DD8FBC89-4FC0-4D2B-9F40-6DE55EA2B6E2}.Debug|x86.Build.0 = Debug|Any CPU
		{DD8FBC89-4FC0-4D2B-9F40-6DE55EA2B6E2}.Release|Any CPU.ActiveCfg = Release|Any CPU
		{DD8FBC89-4FC0-4D2B-9F40-6DE55EA2B6E2}.Release|Any CPU.Build.0 = Release|Any CPU
		{DD8FBC89-4FC0-4D2B-9F40-6DE55EA2B6E2}.Release|x64.ActiveCfg = Release|Any CPU
		{DD8FBC89-4FC0-4D2B-9F40-6DE55EA2B6E2}.Release|x64.Build.0 = Release|Any CPU
		{DD8FBC89-4FC0-4D2B-9F40-6DE55EA2B6E2}.Release|x86.ActiveCfg = Release|Any CPU
		{DD8FBC89-4FC0-4D2B-9F40-6DE55EA2B6E2}.Release|x86.Build.0 = Release|Any CPU
		{D30833FE-90CA-4D04-AAE3-40701641753E}.Debug|Any CPU.ActiveCfg = Debug|Any CPU
		{D30833FE-90CA-4D04-AAE3-40701641753E}.Debug|Any CPU.Build.0 = Debug|Any CPU
		{D30833FE-90CA-4D04-AAE3-40701641753E}.Debug|x64.ActiveCfg = Debug|Any CPU
		{D30833FE-90CA-4D04-AAE3-40701641753E}.Debug|x64.Build.0 = Debug|Any CPU
		{D30833FE-90CA-4D04-AAE3-40701641753E}.Debug|x86.ActiveCfg = Debug|Any CPU
		{D30833FE-90CA-4D04-AAE3-40701641753E}.Debug|x86.Build.0 = Debug|Any CPU
		{D30833FE-90CA-4D04-AAE3-40701641753E}.Release|Any CPU.ActiveCfg = Release|Any CPU
		{D30833FE-90CA-4D04-AAE3-40701641753E}.Release|Any CPU.Build.0 = Release|Any CPU
		{D30833FE-90CA-4D04-AAE3-40701641753E}.Release|x64.ActiveCfg = Release|Any CPU
		{D30833FE-90CA-4D04-AAE3-40701641753E}.Release|x64.Build.0 = Release|Any CPU
		{D30833FE-90CA-4D04-AAE3-40701641753E}.Release|x86.ActiveCfg = Release|Any CPU
		{D30833FE-90CA-4D04-AAE3-40701641753E}.Release|x86.Build.0 = Release|Any CPU
		{AD85F303-C729-4E01-859B-824DEBB4238A}.Debug|Any CPU.ActiveCfg = Debug|Any CPU
		{AD85F303-C729-4E01-859B-824DEBB4238A}.Debug|Any CPU.Build.0 = Debug|Any CPU
		{AD85F303-C729-4E01-859B-824DEBB4238A}.Debug|x64.ActiveCfg = Debug|Any CPU
		{AD85F303-C729-4E01-859B-824DEBB4238A}.Debug|x64.Build.0 = Debug|Any CPU
		{AD85F303-C729-4E01-859B-824DEBB4238A}.Debug|x86.ActiveCfg = Debug|Any CPU
		{AD85F303-C729-4E01-859B-824DEBB4238A}.Debug|x86.Build.0 = Debug|Any CPU
		{AD85F303-C729-4E01-859B-824DEBB4238A}.Release|Any CPU.ActiveCfg = Release|Any CPU
		{AD85F303-C729-4E01-859B-824DEBB4238A}.Release|Any CPU.Build.0 = Release|Any CPU
		{AD85F303-C729-4E01-859B-824DEBB4238A}.Release|x64.ActiveCfg = Release|Any CPU
		{AD85F303-C729-4E01-859B-824DEBB4238A}.Release|x64.Build.0 = Release|Any CPU
		{AD85F303-C729-4E01-859B-824DEBB4238A}.Release|x86.ActiveCfg = Release|Any CPU
		{AD85F303-C729-4E01-859B-824DEBB4238A}.Release|x86.Build.0 = Release|Any CPU
		{C0CF6162-6517-43BF-B539-9B186A1B1D25}.Debug|Any CPU.ActiveCfg = Debug|Any CPU
		{C0CF6162-6517-43BF-B539-9B186A1B1D25}.Debug|Any CPU.Build.0 = Debug|Any CPU
		{C0CF6162-6517-43BF-B539-9B186A1B1D25}.Debug|x64.ActiveCfg = Debug|Any CPU
		{C0CF6162-6517-43BF-B539-9B186A1B1D25}.Debug|x64.Build.0 = Debug|Any CPU
		{C0CF6162-6517-43BF-B539-9B186A1B1D25}.Debug|x86.ActiveCfg = Debug|Any CPU
		{C0CF6162-6517-43BF-B539-9B186A1B1D25}.Debug|x86.Build.0 = Debug|Any CPU
		{C0CF6162-6517-43BF-B539-9B186A1B1D25}.Release|Any CPU.ActiveCfg = Release|Any CPU
		{C0CF6162-6517-43BF-B539-9B186A1B1D25}.Release|Any CPU.Build.0 = Release|Any CPU
		{C0CF6162-6517-43BF-B539-9B186A1B1D25}.Release|x64.ActiveCfg = Release|Any CPU
		{C0CF6162-6517-43BF-B539-9B186A1B1D25}.Release|x64.Build.0 = Release|Any CPU
		{C0CF6162-6517-43BF-B539-9B186A1B1D25}.Release|x86.ActiveCfg = Release|Any CPU
		{C0CF6162-6517-43BF-B539-9B186A1B1D25}.Release|x86.Build.0 = Release|Any CPU
		{7B5856C9-8D76-4205-ACE9-07FB07F45D3A}.Debug|Any CPU.ActiveCfg = Debug|Any CPU
		{7B5856C9-8D76-4205-ACE9-07FB07F45D3A}.Debug|Any CPU.Build.0 = Debug|Any CPU
		{7B5856C9-8D76-4205-ACE9-07FB07F45D3A}.Debug|x64.ActiveCfg = Debug|Any CPU
		{7B5856C9-8D76-4205-ACE9-07FB07F45D3A}.Debug|x64.Build.0 = Debug|Any CPU
		{7B5856C9-8D76-4205-ACE9-07FB07F45D3A}.Debug|x86.ActiveCfg = Debug|Any CPU
		{7B5856C9-8D76-4205-ACE9-07FB07F45D3A}.Debug|x86.Build.0 = Debug|Any CPU
		{7B5856C9-8D76-4205-ACE9-07FB07F45D3A}.Release|Any CPU.ActiveCfg = Release|Any CPU
		{7B5856C9-8D76-4205-ACE9-07FB07F45D3A}.Release|Any CPU.Build.0 = Release|Any CPU
		{7B5856C9-8D76-4205-ACE9-07FB07F45D3A}.Release|x64.ActiveCfg = Release|Any CPU
		{7B5856C9-8D76-4205-ACE9-07FB07F45D3A}.Release|x64.Build.0 = Release|Any CPU
		{7B5856C9-8D76-4205-ACE9-07FB07F45D3A}.Release|x86.ActiveCfg = Release|Any CPU
		{7B5856C9-8D76-4205-ACE9-07FB07F45D3A}.Release|x86.Build.0 = Release|Any CPU
		{5203E547-F6FD-410E-9DEF-FB30F2B5F474}.Debug|Any CPU.ActiveCfg = Debug|Any CPU
		{5203E547-F6FD-410E-9DEF-FB30F2B5F474}.Debug|Any CPU.Build.0 = Debug|Any CPU
		{5203E547-F6FD-410E-9DEF-FB30F2B5F474}.Debug|x64.ActiveCfg = Debug|Any CPU
		{5203E547-F6FD-410E-9DEF-FB30F2B5F474}.Debug|x64.Build.0 = Debug|Any CPU
		{5203E547-F6FD-410E-9DEF-FB30F2B5F474}.Debug|x86.ActiveCfg = Debug|Any CPU
		{5203E547-F6FD-410E-9DEF-FB30F2B5F474}.Debug|x86.Build.0 = Debug|Any CPU
		{5203E547-F6FD-410E-9DEF-FB30F2B5F474}.Release|Any CPU.ActiveCfg = Release|Any CPU
		{5203E547-F6FD-410E-9DEF-FB30F2B5F474}.Release|Any CPU.Build.0 = Release|Any CPU
		{5203E547-F6FD-410E-9DEF-FB30F2B5F474}.Release|x64.ActiveCfg = Release|Any CPU
		{5203E547-F6FD-410E-9DEF-FB30F2B5F474}.Release|x64.Build.0 = Release|Any CPU
		{5203E547-F6FD-410E-9DEF-FB30F2B5F474}.Release|x86.ActiveCfg = Release|Any CPU
		{5203E547-F6FD-410E-9DEF-FB30F2B5F474}.Release|x86.Build.0 = Release|Any CPU
		{3E42199B-5EE4-4EE4-9E7B-F7854D0389AB}.Debug|Any CPU.ActiveCfg = Debug|Any CPU
		{3E42199B-5EE4-4EE4-9E7B-F7854D0389AB}.Debug|Any CPU.Build.0 = Debug|Any CPU
		{3E42199B-5EE4-4EE4-9E7B-F7854D0389AB}.Debug|x64.ActiveCfg = Debug|Any CPU
		{3E42199B-5EE4-4EE4-9E7B-F7854D0389AB}.Debug|x64.Build.0 = Debug|Any CPU
		{3E42199B-5EE4-4EE4-9E7B-F7854D0389AB}.Debug|x86.ActiveCfg = Debug|Any CPU
		{3E42199B-5EE4-4EE4-9E7B-F7854D0389AB}.Debug|x86.Build.0 = Debug|Any CPU
		{3E42199B-5EE4-4EE4-9E7B-F7854D0389AB}.Release|Any CPU.ActiveCfg = Release|Any CPU
		{3E42199B-5EE4-4EE4-9E7B-F7854D0389AB}.Release|Any CPU.Build.0 = Release|Any CPU
		{3E42199B-5EE4-4EE4-9E7B-F7854D0389AB}.Release|x64.ActiveCfg = Release|Any CPU
		{3E42199B-5EE4-4EE4-9E7B-F7854D0389AB}.Release|x64.Build.0 = Release|Any CPU
		{3E42199B-5EE4-4EE4-9E7B-F7854D0389AB}.Release|x86.ActiveCfg = Release|Any CPU
		{3E42199B-5EE4-4EE4-9E7B-F7854D0389AB}.Release|x86.Build.0 = Release|Any CPU
		{BF431516-CCB5-4405-B188-61C2ECDD7F09}.Debug|Any CPU.ActiveCfg = Debug|Any CPU
		{BF431516-CCB5-4405-B188-61C2ECDD7F09}.Debug|Any CPU.Build.0 = Debug|Any CPU
		{BF431516-CCB5-4405-B188-61C2ECDD7F09}.Debug|x64.ActiveCfg = Debug|Any CPU
		{BF431516-CCB5-4405-B188-61C2ECDD7F09}.Debug|x64.Build.0 = Debug|Any CPU
		{BF431516-CCB5-4405-B188-61C2ECDD7F09}.Debug|x86.ActiveCfg = Debug|Any CPU
		{BF431516-CCB5-4405-B188-61C2ECDD7F09}.Debug|x86.Build.0 = Debug|Any CPU
		{BF431516-CCB5-4405-B188-61C2ECDD7F09}.Release|Any CPU.ActiveCfg = Release|Any CPU
		{BF431516-CCB5-4405-B188-61C2ECDD7F09}.Release|Any CPU.Build.0 = Release|Any CPU
		{BF431516-CCB5-4405-B188-61C2ECDD7F09}.Release|x64.ActiveCfg = Release|Any CPU
		{BF431516-CCB5-4405-B188-61C2ECDD7F09}.Release|x64.Build.0 = Release|Any CPU
		{BF431516-CCB5-4405-B188-61C2ECDD7F09}.Release|x86.ActiveCfg = Release|Any CPU
		{BF431516-CCB5-4405-B188-61C2ECDD7F09}.Release|x86.Build.0 = Release|Any CPU
	EndGlobalSection
	GlobalSection(SolutionProperties) = preSolution
		HideSolutionNode = FALSE
	EndGlobalSection
	GlobalSection(NestedProjects) = preSolution
		{A1000001-0000-4000-8000-000000000002} = {A1000001-0000-4000-8000-000000000001}
		{A1000001-0000-4000-8000-000000000003} = {A1000001-0000-4000-8000-000000000001}
		{A1000001-0000-4000-8000-000000000004} = {A1000001-0000-4000-8000-000000000001}
		{A1000001-0000-4000-8000-000000000005} = {A1000001-0000-4000-8000-000000000001}
		{B1000001-0000-4000-8000-000000000001} = {A1000001-0000-4000-8000-000000000002}
		{B1000001-0000-4000-8000-000000000002} = {A1000001-0000-4000-8000-000000000003}
		{B1000001-0000-4000-8000-000000000003} = {A1000001-0000-4000-8000-000000000004}
		{B1000001-0000-4000-8000-000000000004} = {A1000001-0000-4000-8000-000000000005}
		{B1000001-0000-4000-8000-000000000005} = {A1000001-0000-4000-8000-000000000005}
		{B1000001-0000-4000-8000-000000000006} = {A1000001-0000-4000-8000-000000000005}
		{B1000001-0000-4000-8000-000000000007} = {A1000001-0000-4000-8000-000000000006}
		{B1000001-0000-4000-8000-000000000008} = {A1000001-0000-4000-8000-000000000006}
		{B1000001-0000-4000-8000-000000000009} = {A1000001-0000-4000-8000-000000000006}
		{CF271203-0457-4C05-9156-F56E5F7AF328} = {CA253913-39DE-BFD0-C9A3-4B7EC6FBDF17}
		{9FFC072A-00FB-DE12-3581-12A43FAE4EAD} = {CA253913-39DE-BFD0-C9A3-4B7EC6FBDF17}
		{D98A5C52-92CA-47A1-A3C6-47B7BBF6803A} = {9FFC072A-00FB-DE12-3581-12A43FAE4EAD}
		{5D290246-4DFC-C19D-601B-4B2417029AB0} = {A1000001-0000-4000-8000-000000000005}
		{01D76E38-469E-4344-985B-3D99368C06E0} = {5D290246-4DFC-C19D-601B-4B2417029AB0}
		{9BA233D0-7A7A-1820-642C-6490D92789ED} = {A1000001-0000-4000-8000-000000000005}
		{38FC613D-8E54-4A99-BDD3-65182ED44958} = {9BA233D0-7A7A-1820-642C-6490D92789ED}
		{3B2357C8-7355-722C-FF7C-FF01344AF37A} = {A1000001-0000-4000-8000-000000000005}
		{8F178E91-C0D2-4AC5-AE95-05452E601C7F} = {3B2357C8-7355-722C-FF7C-FF01344AF37A}
		{1D6E4AFD-6201-7298-3EF3-EF7261D271DE} = {A1000001-0000-4000-8000-000000000005}
		{B8CF2F66-3F5D-4924-9C6A-9BADC8D8AE02} = {1D6E4AFD-6201-7298-3EF3-EF7261D271DE}
		{261CDCAE-177B-F4D8-2B1F-F51C6E02E44C} = {A1000001-0000-4000-8000-000000000005}
		{F8D05886-FC60-4BD0-80D5-9915C362646D} = {261CDCAE-177B-F4D8-2B1F-F51C6E02E44C}
		{2124C7B3-EA21-F438-A58A-6BD7403B9A1E} = {A1000001-0000-4000-8000-000000000005}
		{DCD2E593-9BE9-4F54-A969-B41B5ED3B1EB} = {2124C7B3-EA21-F438-A58A-6BD7403B9A1E}
		{0ACD1564-5EDF-BFF8-37A5-918F9FD05228} = {A1000001-0000-4000-8000-000000000005}
		{DACCDE6D-A5C5-4048-96B4-3D3C502CE4F9} = {0ACD1564-5EDF-BFF8-37A5-918F9FD05228}
		{4080A809-80FA-8663-FAED-CDC0B5E6E109} = {A1000001-0000-4000-8000-000000000005}
		{DD8FBC89-4FC0-4D2B-9F40-6DE55EA2B6E2} = {4080A809-80FA-8663-FAED-CDC0B5E6E109}
		{9DB82837-7547-5A2E-39FE-EF03ABBD3260} = {A1000001-0000-4000-8000-000000000005}
		{D30833FE-90CA-4D04-AAE3-40701641753E} = {9DB82837-7547-5A2E-39FE-EF03ABBD3260}
		{A2B30A34-9BCA-79CB-2419-AF78146C3CAD} = {A1000001-0000-4000-8000-000000000005}
		{AD85F303-C729-4E01-859B-824DEBB4238A} = {A2B30A34-9BCA-79CB-2419-AF78146C3CAD}
		{FA2111A8-B415-22A5-2446-4C4CDB512B1B} = {A1000001-0000-4000-8000-000000000005}
		{C0CF6162-6517-43BF-B539-9B186A1B1D25} = {FA2111A8-B415-22A5-2446-4C4CDB512B1B}
		{AF6BF6DF-414F-AB2E-ADBB-7FA1529E6382} = {A1000001-0000-4000-8000-000000000005}
		{7B5856C9-8D76-4205-ACE9-07FB07F45D3A} = {AF6BF6DF-414F-AB2E-ADBB-7FA1529E6382}
		{B4DF8628-6FED-A02B-DB9B-7D971295A699} = {A1000001-0000-4000-8000-000000000005}
		{5203E547-F6FD-410E-9DEF-FB30F2B5F474} = {B4DF8628-6FED-A02B-DB9B-7D971295A699}
		{8522D8D2-B11D-0A28-8FD7-21EC250DFA6E} = {CA253913-39DE-BFD0-C9A3-4B7EC6FBDF17}
		{3E42199B-5EE4-4EE4-9E7B-F7854D0389AB} = {8522D8D2-B11D-0A28-8FD7-21EC250DFA6E}
		{BF431516-CCB5-4405-B188-61C2ECDD7F09} = {07C2787E-EAC7-C090-1BA3-A61EC2A24D84}
	EndGlobalSection
	GlobalSection(ExtensibilityGlobals) = postSolution
		SolutionGuid = {C1000001-0000-4000-8000-000000000001}
	EndGlobalSection
EndGlobal
